// !$*UTF8*$!
{
	archiveVersion = 1;
	classes = {
	};
	objectVersion = 46;
	objects = {

/* Begin PBXBuildFile section */
		CE26D13A1EF06C050021044B /* CustomView.swift in Sources */ = {isa = PBXBuildFile; fileRef = CE26D1391EF06C050021044B /* CustomView.swift */; };
		CE26D13C1EF0768C0021044B /* CostumButton.swift in Sources */ = {isa = PBXBuildFile; fileRef = CE26D13B1EF0768C0021044B /* CostumButton.swift */; };
		CEB7239D1EE9B2100048B932 /* AppDelegate.swift in Sources */ = {isa = PBXBuildFile; fileRef = CEB7239C1EE9B2100048B932 /* AppDelegate.swift */; };
		CEB7239F1EE9B2100048B932 /* MainScreenVC.swift in Sources */ = {isa = PBXBuildFile; fileRef = CEB7239E1EE9B2100048B932 /* MainScreenVC.swift */; };
		CEB723A21EE9B2100048B932 /* Main.storyboard in Resources */ = {isa = PBXBuildFile; fileRef = CEB723A01EE9B2100048B932 /* Main.storyboard */; };
		CEB723A41EE9B2100048B932 /* Assets.xcassets in Resources */ = {isa = PBXBuildFile; fileRef = CEB723A31EE9B2100048B932 /* Assets.xcassets */; };
		CEB723A71EE9B2100048B932 /* LaunchScreen.storyboard in Resources */ = {isa = PBXBuildFile; fileRef = CEB723A51EE9B2100048B932 /* LaunchScreen.storyboard */; };
		CEDD2B331EEB969A00D2938D /* ProductCollectionCell.swift in Sources */ = {isa = PBXBuildFile; fileRef = CEDD2B321EEB969A00D2938D /* ProductCollectionCell.swift */; };
		CEEF7EE71EEAF12D0018E394 /* ItemVC.swift in Sources */ = {isa = PBXBuildFile; fileRef = CEEF7EE61EEAF12D0018E394 /* ItemVC.swift */; };
		CEEF7EEF1EEB44CA0018E394 /* Item.swift in Sources */ = {isa = PBXBuildFile; fileRef = CEEF7EEE1EEB44CA0018E394 /* Item.swift */; };
		CEF4EFD61EED976300F7398F /* CosmoDisturb.swift in Sources */ = {isa = PBXBuildFile; fileRef = CEF4EFD51EED976300F7398F /* CosmoDisturb.swift */; };
		CEFF27831EEC93AF00249CE3 /* UIColor+Extension.swift in Sources */ = {isa = PBXBuildFile; fileRef = CEFF27821EEC93AF00249CE3 /* UIColor+Extension.swift */; };
		CEFF27851EECB21500249CE3 /* WishlistManager.swift in Sources */ = {isa = PBXBuildFile; fileRef = CEFF27841EECB21400249CE3 /* WishlistManager.swift */; };
		CEFF27871EECD7D400249CE3 /* WishListCell.swift in Sources */ = {isa = PBXBuildFile; fileRef = CEFF27861EECD7D400249CE3 /* WishListCell.swift */; };
/* End PBXBuildFile section */

/* Begin PBXFileReference section */
		CE26D1391EF06C050021044B /* CustomView.swift */ = {isa = PBXFileReference; fileEncoding = 4; lastKnownFileType = sourcecode.swift; path = CustomView.swift; sourceTree = "<group>"; };
		CE26D13B1EF0768C0021044B /* CostumButton.swift */ = {isa = PBXFileReference; fileEncoding = 4; lastKnownFileType = sourcecode.swift; path = CostumButton.swift; sourceTree = "<group>"; };
		CEB723991EE9B2100048B932 /* E-SHOP.app */ = {isa = PBXFileReference; explicitFileType = wrapper.application; includeInIndex = 0; path = "E-SHOP.app"; sourceTree = BUILT_PRODUCTS_DIR; };
		CEB7239C1EE9B2100048B932 /* AppDelegate.swift */ = {isa = PBXFileReference; lastKnownFileType = sourcecode.swift; path = AppDelegate.swift; sourceTree = "<group>"; };
		CEB7239E1EE9B2100048B932 /* MainScreenVC.swift */ = {isa = PBXFileReference; lastKnownFileType = sourcecode.swift; path = MainScreenVC.swift; sourceTree = "<group>"; };
		CEB723A11EE9B2100048B932 /* Base */ = {isa = PBXFileReference; lastKnownFileType = file.storyboard; name = Base; path = Base.lproj/Main.storyboard; sourceTree = "<group>"; };
		CEB723A31EE9B2100048B932 /* Assets.xcassets */ = {isa = PBXFileReference; lastKnownFileType = folder.assetcatalog; path = Assets.xcassets; sourceTree = "<group>"; };
		CEB723A61EE9B2100048B932 /* Base */ = {isa = PBXFileReference; lastKnownFileType = file.storyboard; name = Base; path = Base.lproj/LaunchScreen.storyboard; sourceTree = "<group>"; };
		CEB723A81EE9B2100048B932 /* Info.plist */ = {isa = PBXFileReference; lastKnownFileType = text.plist.xml; path = Info.plist; sourceTree = "<group>"; };
		CEDD2B321EEB969A00D2938D /* ProductCollectionCell.swift */ = {isa = PBXFileReference; fileEncoding = 4; lastKnownFileType = sourcecode.swift; path = ProductCollectionCell.swift; sourceTree = "<group>"; };
		CEEF7EE61EEAF12D0018E394 /* ItemVC.swift */ = {isa = PBXFileReference; fileEncoding = 4; lastKnownFileType = sourcecode.swift; path = ItemVC.swift; sourceTree = "<group>"; };
		CEEF7EEE1EEB44CA0018E394 /* Item.swift */ = {isa = PBXFileReference; fileEncoding = 4; lastKnownFileType = sourcecode.swift; path = Item.swift; sourceTree = "<group>"; };
		CEF4EFD51EED976300F7398F /* CosmoDisturb.swift */ = {isa = PBXFileReference; fileEncoding = 4; lastKnownFileType = sourcecode.swift; path = CosmoDisturb.swift; sourceTree = "<group>"; };
		CEFF27821EEC93AF00249CE3 /* UIColor+Extension.swift */ = {isa = PBXFileReference; fileEncoding = 4; lastKnownFileType = sourcecode.swift; path = "UIColor+Extension.swift"; sourceTree = "<group>"; };
		CEFF27841EECB21400249CE3 /* WishlistManager.swift */ = {isa = PBXFileReference; fileEncoding = 4; lastKnownFileType = sourcecode.swift; path = WishlistManager.swift; sourceTree = "<group>"; };
		CEFF27861EECD7D400249CE3 /* WishListCell.swift */ = {isa = PBXFileReference; fileEncoding = 4; lastKnownFileType = sourcecode.swift; path = WishListCell.swift; sourceTree = "<group>"; };
/* End PBXFileReference section */

/* Begin PBXFrameworksBuildPhase section */
		CEB723961EE9B20F0048B932 /* Frameworks */ = {
			isa = PBXFrameworksBuildPhase;
			buildActionMask = 2147483647;
			files = (
			);
			runOnlyForDeploymentPostprocessing = 0;
		};
/* End PBXFrameworksBuildPhase section */

/* Begin PBXGroup section */
		CE26D13D1EF089060021044B /* Controllers */ = {
			isa = PBXGroup;
			children = (
				CEF4EFD51EED976300F7398F /* CosmoDisturb.swift */,
				CEEF7EE61EEAF12D0018E394 /* ItemVC.swift */,
				CEB7239E1EE9B2100048B932 /* MainScreenVC.swift */,
			);
			name = Controllers;
			sourceTree = "<group>";
		};
		CE26D13E1EF0893E0021044B /* Views */ = {
			isa = PBXGroup;
			children = (
				CEFF27821EEC93AF00249CE3 /* UIColor+Extension.swift */,
				CEFF27861EECD7D400249CE3 /* WishListCell.swift */,
				CEDD2B321EEB969A00D2938D /* ProductCollectionCell.swift */,
				CE26D1391EF06C050021044B /* CustomView.swift */,
				CE26D13B1EF0768C0021044B /* CostumButton.swift */,
			);
			name = Views;
			sourceTree = "<group>";
		};
		CE26D13F1EF089590021044B /* Model */ = {
			isa = PBXGroup;
			children = (
				CEEF7EEE1EEB44CA0018E394 /* Item.swift */,
				CEFF27841EECB21400249CE3 /* WishlistManager.swift */,
			);
			name = Model;
			sourceTree = "<group>";
		};
		CEB723901EE9B20F0048B932 = {
			isa = PBXGroup;
			children = (
				CEB7239B1EE9B2100048B932 /* E-SHOP */,
				CEB7239A1EE9B2100048B932 /* Products */,
			);
			sourceTree = "<group>";
		};
		CEB7239A1EE9B2100048B932 /* Products */ = {
			isa = PBXGroup;
			children = (
				CEB723991EE9B2100048B932 /* E-SHOP.app */,
			);
			name = Products;
			sourceTree = "<group>";
		};
		CEB7239B1EE9B2100048B932 /* E-SHOP */ = {
			isa = PBXGroup;
			children = (
				CEB7239C1EE9B2100048B932 /* AppDelegate.swift */,
				CE26D13E1EF0893E0021044B /* Views */,
				CE26D13F1EF089590021044B /* Model */,
				CE26D13D1EF089060021044B /* Controllers */,
				CEB723A01EE9B2100048B932 /* Main.storyboard */,
				CEB723A31EE9B2100048B932 /* Assets.xcassets */,
				CEB723A51EE9B2100048B932 /* LaunchScreen.storyboard */,
				CEB723A81EE9B2100048B932 /* Info.plist */,
			);
			path = "E-SHOP";
			sourceTree = "<group>";
		};
/* End PBXGroup section */

/* Begin PBXNativeTarget section */
		CEB723981EE9B20F0048B932 /* E-SHOP */ = {
			isa = PBXNativeTarget;
			buildConfigurationList = CEB723AB1EE9B2100048B932 /* Build configuration list for PBXNativeTarget "E-SHOP" */;
			buildPhases = (
				CEB723951EE9B20F0048B932 /* Sources */,
				CEB723961EE9B20F0048B932 /* Frameworks */,
				CEB723971EE9B20F0048B932 /* Resources */,
			);
			buildRules = (
			);
			dependencies = (
			);
			name = "E-SHOP";
			productName = "E-SHOP";
			productReference = CEB723991EE9B2100048B932 /* E-SHOP.app */;
			productType = "com.apple.product-type.application";
		};
/* End PBXNativeTarget section */

/* Begin PBXProject section */
		CEB723911EE9B20F0048B932 /* Project object */ = {
			isa = PBXProject;
			attributes = {
				LastSwiftUpdateCheck = 0820;
				LastUpgradeCheck = 0820;
				ORGANIZATIONNAME = Marwa;
				TargetAttributes = {
					CEB723981EE9B20F0048B932 = {
						CreatedOnToolsVersion = 8.2.1;
						DevelopmentTeam = P8WWQCMBY7;
						ProvisioningStyle = Automatic;
					};
				};
			};
			buildConfigurationList = CEB723941EE9B20F0048B932 /* Build configuration list for PBXProject "E-SHOP" */;
			compatibilityVersion = "Xcode 3.2";
			developmentRegion = English;
			hasScannedForEncodings = 0;
			knownRegions = (
				en,
				Base,
			);
			mainGroup = CEB723901EE9B20F0048B932;
			productRefGroup = CEB7239A1EE9B2100048B932 /* Products */;
			projectDirPath = "";
			projectRoot = "";
			targets = (
				CEB723981EE9B20F0048B932 /* E-SHOP */,
			);
		};
/* End PBXProject section */

/* Begin PBXResourcesBuildPhase section */
		CEB723971EE9B20F0048B932 /* Resources */ = {
			isa = PBXResourcesBuildPhase;
			buildActionMask = 2147483647;
			files = (
				CEB723A71EE9B2100048B932 /* LaunchScreen.storyboard in Resources */,
				CEB723A41EE9B2100048B932 /* Assets.xcassets in Resources */,
				CEB723A21EE9B2100048B932 /* Main.storyboard in Resources */,
			);
			runOnlyForDeploymentPostprocessing = 0;
		};
/* End PBXResourcesBuildPhase section */

/* Begin PBXSourcesBuildPhase section */
		CEB723951EE9B20F0048B932 /* Sources */ = {
			isa = PBXSourcesBuildPhase;
			buildActionMask = 2147483647;
			files = (
				CEFF27831EEC93AF00249CE3 /* UIColor+Extension.swift in Sources */,
				CEFF27871EECD7D400249CE3 /* WishListCell.swift in Sources */,
				CEEF7EEF1EEB44CA0018E394 /* Item.swift in Sources */,
				CEB7239F1EE9B2100048B932 /* MainScreenVC.swift in Sources */,
				CEEF7EE71EEAF12D0018E394 /* ItemVC.swift in Sources */,
				CE26D13A1EF06C050021044B /* CustomView.swift in Sources */,
				CEDD2B331EEB969A00D2938D /* ProductCollectionCell.swift in Sources */,
				CEFF27851EECB21500249CE3 /* WishlistManager.swift in Sources */,
				CEF4EFD61EED976300F7398F /* CosmoDisturb.swift in Sources */,
				CEB7239D1EE9B2100048B932 /* AppDelegate.swift in Sources */,
				CE26D13C1EF0768C0021044B /* CostumButton.swift in Sources */,
			);
			runOnlyForDeploymentPostprocessing = 0;
		};
/* End PBXSourcesBuildPhase section */

/* Begin PBXVariantGroup section */
		CEB723A01EE9B2100048B932 /* Main.storyboard */ = {
			isa = PBXVariantGroup;
			children = (
				CEB723A11EE9B2100048B932 /* Base */,
			);
			name = Main.storyboard;
			sourceTree = "<group>";
		};
		CEB723A51EE9B2100048B932 /* LaunchScreen.storyboard */ = {
			isa = PBXVariantGroup;
			children = (
				CEB723A61EE9B2100048B932 /* Base */,
			);
			name = LaunchScreen.storyboard;
			sourceTree = "<group>";
		};
/* End PBXVariantGroup section */

/* Begin XCBuildConfiguration section */
		CEB723A91EE9B2100048B932 /* Debug */ = {
			isa = XCBuildConfiguration;
			buildSettings = {
				ALWAYS_SEARCH_USER_PATHS = NO;
				CLANG_ANALYZER_NONNULL = YES;
				CLANG_CXX_LANGUAGE_STANDARD = "gnu++0x";
				CLANG_CXX_LIBRARY = "libc++";
				CLANG_ENABLE_MODULES = YES;
				CLANG_ENABLE_OBJC_ARC = YES;
				CLANG_WARN_BOOL_CONVERSION = YES;
				CLANG_WARN_CONSTANT_CONVERSION = YES;
				CLANG_WARN_DIRECT_OBJC_ISA_USAGE = YES_ERROR;
				CLANG_WARN_DOCUMENTATION_COMMENTS = YES;
				CLANG_WARN_EMPTY_BODY = YES;
				CLANG_WARN_ENUM_CONVERSION = YES;
				CLANG_WARN_INFINITE_RECURSION = YES;
				CLANG_WARN_INT_CONVERSION = YES;
				CLANG_WARN_OBJC_ROOT_CLASS = YES_ERROR;
				CLANG_WARN_SUSPICIOUS_MOVE = YES;
				CLANG_WARN_UNREACHABLE_CODE = YES;
				CLANG_WARN__DUPLICATE_METHOD_MATCH = YES;
				CODE_SIGN_IDENTITY = "iPhone Developer";
				"CODE_SIGN_IDENTITY[sdk=iphoneos*]" = "iPhone Developer";
				COPY_PHASE_STRIP = NO;
				DEBUG_INFORMATION_FORMAT = dwarf;
				ENABLE_STRICT_OBJC_MSGSEND = YES;
				ENABLE_TESTABILITY = YES;
				GCC_C_LANGUAGE_STANDARD = gnu99;
				GCC_DYNAMIC_NO_PIC = NO;
				GCC_NO_COMMON_BLOCKS = YES;
				GCC_OPTIMIZATION_LEVEL = 0;
				GCC_PREPROCESSOR_DEFINITIONS = (
					"DEBUG=1",
					"$(inherited)",
				);
				GCC_WARN_64_TO_32_BIT_CONVERSION = YES;
				GCC_WARN_ABOUT_RETURN_TYPE = YES_ERROR;
				GCC_WARN_UNDECLARED_SELECTOR = YES;
				GCC_WARN_UNINITIALIZED_AUTOS = YES_AGGRESSIVE;
				GCC_WARN_UNUSED_FUNCTION = YES;
				GCC_WARN_UNUSED_VARIABLE = YES;
				IPHONEOS_DEPLOYMENT_TARGET = 10.2;
				MTL_ENABLE_DEBUG_INFO = YES;
				ONLY_ACTIVE_ARCH = YES;
				SDKROOT = iphoneos;
				SWIFT_ACTIVE_COMPILATION_CONDITIONS = DEBUG;
				SWIFT_OPTIMIZATION_LEVEL = "-Onone";
				TARGETED_DEVICE_FAMILY = "1,2";
			};
			name = Debug;
		};
		CEB723AA1EE9B2100048B932 /* Release */ = {
			isa = XCBuildConfiguration;
			buildSettings = {
				ALWAYS_SEARCH_USER_PATHS = NO;
				CLANG_ANALYZER_NONNULL = YES;
				CLANG_CXX_LANGUAGE_STANDARD = "gnu++0x";
				CLANG_CXX_LIBRARY = "libc++";
				CLANG_ENABLE_MODULES = YES;
				CLANG_ENABLE_OBJC_ARC = YES;
				CLANG_WARN_BOOL_CONVERSION = YES;
				CLANG_WARN_CONSTANT_CONVERSION = YES;
				CLANG_WARN_DIRECT_OBJC_ISA_USAGE = YES_ERROR;
				CLANG_WARN_DOCUMENTATION_COMMENTS = YES;
				CLANG_WARN_EMPTY_BODY = YES;
				CLANG_WARN_ENUM_CONVERSION = YES;
				CLANG_WARN_INFINITE_RECURSION = YES;
				CLANG_WARN_INT_CONVERSION = YES;
				CLANG_WARN_OBJC_ROOT_CLASS = YES_ERROR;
				CLANG_WARN_SUSPICIOUS_MOVE = YES;
				CLANG_WARN_UNREACHABLE_CODE = YES;
				CLANG_WARN__DUPLICATE_METHOD_MATCH = YES;
				CODE_SIGN_IDENTITY = "iPhone Developer";
				"CODE_SIGN_IDENTITY[sdk=iphoneos*]" = "iPhone Developer";
				COPY_PHASE_STRIP = NO;
				DEBUG_INFORMATION_FORMAT = "dwarf-with-dsym";
				ENABLE_NS_ASSERTIONS = NO;
				ENABLE_STRICT_OBJC_MSGSEND = YES;
				GCC_C_LANGUAGE_STANDARD = gnu99;
				GCC_NO_COMMON_BLOCKS = YES;
				GCC_WARN_64_TO_32_BIT_CONVERSION = YES;
				GCC_WARN_ABOUT_RETURN_TYPE = YES_ERROR;
				GCC_WARN_UNDECLARED_SELECTOR = YES;
				GCC_WARN_UNINITIALIZED_AUTOS = YES_AGGRESSIVE;
				GCC_WARN_UNUSED_FUNCTION = YES;
				GCC_WARN_UNUSED_VARIABLE = YES;
				IPHONEOS_DEPLOYMENT_TARGET = 10.2;
				MTL_ENABLE_DEBUG_INFO = NO;
				SDKROOT = iphoneos;
				SWIFT_OPTIMIZATION_LEVEL = "-Owholemodule";
				TARGETED_DEVICE_FAMILY = "1,2";
				VALIDATE_PRODUCT = YES;
			};
			name = Release;
		};
		CEB723AC1EE9B2100048B932 /* Debug */ = {
			isa = XCBuildConfiguration;
			buildSettings = {
				ASSETCATALOG_COMPILER_APPICON_NAME = AppIcon;
				"CODE_SIGN_IDENTITY[sdk=iphoneos*]" = "iPhone Developer";
				DEVELOPMENT_TEAM = P8WWQCMBY7;
				INFOPLIST_FILE = "E-SHOP/Info.plist";
				LD_RUNPATH_SEARCH_PATHS = "$(inherited) @executable_path/Frameworks";
				PRODUCT_BUNDLE_IDENTIFIER = "com.marwa.E-SHOP";
				PRODUCT_NAME = "$(TARGET_NAME)";
				SWIFT_VERSION = 3.0;
			};
			name = Debug;
		};
		CEB723AD1EE9B2100048B932 /* Release */ = {
			isa = XCBuildConfiguration;
			buildSettings = {
				ASSETCATALOG_COMPILER_APPICON_NAME = AppIcon;
				"CODE_SIGN_IDENTITY[sdk=iphoneos*]" = "iPhone Developer";
				DEVELOPMENT_TEAM = P8WWQCMBY7;
				INFOPLIST_FILE = "E-SHOP/Info.plist";
				LD_RUNPATH_SEARCH_PATHS = "$(inherited) @executable_path/Frameworks";
				PRODUCT_BUNDLE_IDENTIFIER = "com.marwa.E-SHOP";
				PRODUCT_NAME = "$(TARGET_NAME)";
				SWIFT_VERSION = 3.0;
			};
			name = Release;
		};
/* End XCBuildConfiguration section */

/* Begin XCConfigurationList section */
		CEB723941EE9B20F0048B932 /* Build configuration list for PBXProject "E-SHOP" */ = {
			isa = XCConfigurationList;
			buildConfigurations = (
				CEB723A91EE9B2100048B932 /* Debug */,
				CEB723AA1EE9B2100048B932 /* Release */,
			);
			defaultConfigurationIsVisible = 0;
			defaultConfigurationName = Release;
		};
		CEB723AB1EE9B2100048B932 /* Build configuration list for PBXNativeTarget "E-SHOP" */ = {
			isa = XCConfigurationList;
			buildConfigurations = (
				CEB723AC1EE9B2100048B932 /* Debug */,
				CEB723AD1EE9B2100048B932 /* Release */,
			);
			defaultConfigurationIsVisible = 0;
			defaultConfigurationName = Release;
		};
/* End XCConfigurationList section */
	};
	rootObject = CEB723911EE9B20F0048B932 /* Project object */;
}
